
Microsoft Visual Studio Solution File, Format Version 12.00
Project("{2150E333-8FDC-42A3-9474-1A3956D46DE8}") = "Core", "Core", "{C67C0066-E93C-4842-B9CF-88127762C640}"
EndProject
Project("{2150E333-8FDC-42A3-9474-1A3956D46DE8}") = "EndPoints", "EndPoints", "{01BCA0F0-2D22-4F93-A1A2-D5A266239A98}"
EndProject
Project("{2150E333-8FDC-42A3-9474-1A3956D46DE8}") = "Frameworks", "Frameworks", "{9783A2B3-DB7C-4D08-842E-D27D26974979}"
EndProject
Project("{2150E333-8FDC-42A3-9474-1A3956D46DE8}") = "Infrastructures", "Infrastructures", "{C1397202-FF5F-495C-9135-1168B98798D8}"
EndProject
Project("{FAE04EC0-301F-11D3-BF4B-00C04F79EFBC}") = "HealthCare.Core.ApplicationServices", "Core\HealthCare.Core.ApplicationServices\HealthCare.Core.ApplicationServices.csproj", "{8A14785D-9F84-4445-BC21-F69504C0F75F}"
EndProject
Project("{FAE04EC0-301F-11D3-BF4B-00C04F79EFBC}") = "HealthCare.Core.Domains", "Core\HealthCare.Core.Domains\HealthCare.Core.Domains.csproj", "{8D55FF85-7043-4E8D-A778-415DCC7B099D}"
EndProject
Project("{FAE04EC0-301F-11D3-BF4B-00C04F79EFBC}") = "HealthCare.Framework", "Frameworks\HealthCare.Framework\HealthCare.Framework.csproj", "{7DE9B430-750B-4B7B-A62C-89E93E537C5B}"
EndProject
Project("{FAE04EC0-301F-11D3-BF4B-00C04F79EFBC}") = "HealthCare.Infrastructures.Data.SqlServer", "Infrastructures\HealthCare.Infrastructures.Data.SqlServer\HealthCare.Infrastructures.Data.SqlServer.csproj", "{FB84DBB8-1CEB-4C40-B3E3-C1006A8B3BB1}"
EndProject
Project("{FAE04EC0-301F-11D3-BF4B-00C04F79EFBC}") = "HealthCare.Infrastructures.DI", "Infrastructures\HealthCare.Infrastructures.DI\HealthCare.Infrastructures.DI.csproj", "{5762CFBD-8FD0-453A-9E8E-6E7D79E9FEDA}"
EndProject
Project("{FAE04EC0-301F-11D3-BF4B-00C04F79EFBC}") = "HealthCare.Infrastructures.Log", "Infrastructures\HealthCare.Infrastructures.Log\HealthCare.Infrastructures.Log.csproj", "{5F409CCE-5AE0-41F8-B691-B5292B267D7E}"
EndProject
Project("{FAE04EC0-301F-11D3-BF4B-00C04F79EFBC}") = "HealthCare.Infrastructures.Shared", "Infrastructures\HealthCare.Infrastructures.Shared\HealthCare.Infrastructures.Shared.csproj", "{01D0D484-90D4-4D5C-AB66-4C56000E6813}"
EndProject
Global
	GlobalSection(SolutionConfigurationPlatforms) = preSolution
		Debug|Any CPU = Debug|Any CPU
		Release|Any CPU = Release|Any CPU
	EndGlobalSection
	GlobalSection(NestedProjects) = preSolution
		{8A14785D-9F84-4445-BC21-F69504C0F75F} = {C67C0066-E93C-4842-B9CF-88127762C640}
		{8D55FF85-7043-4E8D-A778-415DCC7B099D} = {C67C0066-E93C-4842-B9CF-88127762C640}
		{7DE9B430-750B-4B7B-A62C-89E93E537C5B} = {9783A2B3-DB7C-4D08-842E-D27D26974979}
		{FB84DBB8-1CEB-4C40-B3E3-C1006A8B3BB1} = {C1397202-FF5F-495C-9135-1168B98798D8}
		{5762CFBD-8FD0-453A-9E8E-6E7D79E9FEDA} = {C1397202-FF5F-495C-9135-1168B98798D8}
		{5F409CCE-5AE0-41F8-B691-B5292B267D7E} = {C1397202-FF5F-495C-9135-1168B98798D8}
		{01D0D484-90D4-4D5C-AB66-4C56000E6813} = {C1397202-FF5F-495C-9135-1168B98798D8}
	EndGlobalSection
	GlobalSection(ProjectConfigurationPlatforms) = postSolution
		{8A14785D-9F84-4445-BC21-F69504C0F75F}.Debug|Any CPU.ActiveCfg = Debug|Any CPU
		{8A14785D-9F84-4445-BC21-F69504C0F75F}.Debug|Any CPU.Build.0 = Debug|Any CPU
		{8A14785D-9F84-4445-BC21-F69504C0F75F}.Release|Any CPU.ActiveCfg = Release|Any CPU
		{8A14785D-9F84-4445-BC21-F69504C0F75F}.Release|Any CPU.Build.0 = Release|Any CPU
		{8D55FF85-7043-4E8D-A778-415DCC7B099D}.Debug|Any CPU.ActiveCfg = Debug|Any CPU
		{8D55FF85-7043-4E8D-A778-415DCC7B099D}.Debug|Any CPU.Build.0 = Debug|Any CPU
		{8D55FF85-7043-4E8D-A778-415DCC7B099D}.Release|Any CPU.ActiveCfg = Release|Any CPU
		{8D55FF85-7043-4E8D-A778-415DCC7B099D}.Release|Any CPU.Build.0 = Release|Any CPU
		{7DE9B430-750B-4B7B-A62C-89E93E537C5B}.Debug|Any CPU.ActiveCfg = Debug|Any CPU
		{7DE9B430-750B-4B7B-A62C-89E93E537C5B}.Debug|Any CPU.Build.0 = Debug|Any CPU
		{7DE9B430-750B-4B7B-A62C-89E93E537C5B}.Release|Any CPU.ActiveCfg = Release|Any CPU
		{7DE9B430-750B-4B7B-A62C-89E93E537C5B}.Release|Any CPU.Build.0 = Release|Any CPU
		{FB84DBB8-1CEB-4C40-B3E3-C1006A8B3BB1}.Debug|Any CPU.ActiveCfg = Debug|Any CPU
		{FB84DBB8-1CEB-4C40-B3E3-C1006A8B3BB1}.Debug|Any CPU.Build.0 = Debug|Any CPU
		{FB84DBB8-1CEB-4C40-B3E3-C1006A8B3BB1}.Release|Any CPU.ActiveCfg = Release|Any CPU
		{FB84DBB8-1CEB-4C40-B3E3-C1006A8B3BB1}.Release|Any CPU.Build.0 = Release|Any CPU
		{5762CFBD-8FD0-453A-9E8E-6E7D79E9FEDA}.Debug|Any CPU.ActiveCfg = Debug|Any CPU
		{5762CFBD-8FD0-453A-9E8E-6E7D79E9FEDA}.Debug|Any CPU.Build.0 = Debug|Any CPU
		{5762CFBD-8FD0-453A-9E8E-6E7D79E9FEDA}.Release|Any CPU.ActiveCfg = Release|Any CPU
		{5762CFBD-8FD0-453A-9E8E-6E7D79E9FEDA}.Release|Any CPU.Build.0 = Release|Any CPU
		{5F409CCE-5AE0-41F8-B691-B5292B267D7E}.Debug|Any CPU.ActiveCfg = Debug|Any CPU
		{5F409CCE-5AE0-41F8-B691-B5292B267D7E}.Debug|Any CPU.Build.0 = Debug|Any CPU
		{5F409CCE-5AE0-41F8-B691-B5292B267D7E}.Release|Any CPU.ActiveCfg = Release|Any CPU
		{5F409CCE-5AE0-41F8-B691-B5292B267D7E}.Release|Any CPU.Build.0 = Release|Any CPU
		{01D0D484-90D4-4D5C-AB66-4C56000E6813}.Debug|Any CPU.ActiveCfg = Debug|Any CPU
		{01D0D484-90D4-4D5C-AB66-4C56000E6813}.Debug|Any CPU.Build.0 = Debug|Any CPU
		{01D0D484-90D4-4D5C-AB66-4C56000E6813}.Release|Any CPU.ActiveCfg = Release|Any CPU
		{01D0D484-90D4-4D5C-AB66-4C56000E6813}.Release|Any CPU.Build.0 = Release|Any CPU
	EndGlobalSection
EndGlobal
